
Microsoft Visual Studio Solution File, Format Version 12.00
# Visual Studio Version 16
VisualStudioVersion = 16.0.30413.136
MinimumVisualStudioVersion = 10.0.40219.1
Project("{FAE04EC0-301F-11D3-BF4B-00C04F79EFBC}") = "QuanLyDiemSinhVienK19.1", "QuanLyDiemSinhVienK19.1\QuanLyDiemSinhVienK19.1.csproj", "{23DEE78D-19BB-4215-9752-E94519F3B3D5}"
EndProject
Global
	GlobalSection(SolutionConfigurationPlatforms) = preSolution
		Debug|Any CPU = Debug|Any CPU
		Release|Any CPU = Release|Any CPU
	EndGlobalSection
	GlobalSection(ProjectConfigurationPlatforms) = postSolution
		{23DEE78D-19BB-4215-9752-E94519F3B3D5}.Debug|Any CPU.ActiveCfg = Debug|Any CPU
		{23DEE78D-19BB-4215-9752-E94519F3B3D5}.Debug|Any CPU.Build.0 = Debug|Any CPU
		{23DEE78D-19BB-4215-9752-E94519F3B3D5}.Release|Any CPU.ActiveCfg = Release|Any CPU
		{23DEE78D-19BB-4215-9752-E94519F3B3D5}.Release|Any CPU.Build.0 = Release|Any CPU
	EndGlobalSection
	GlobalSection(SolutionProperties) = preSolution
		HideSolutionNode = FALSE
	EndGlobalSection
	GlobalSection(ExtensibilityGlobals) = postSolution
		SolutionGuid = {BA9B66B1-C9AA-4C44-98EB-A40C5157274C}
	EndGlobalSection
EndGlobal
